
Microsoft Visual Studio Solution File, Format Version 12.00
# Visual Studio Version 17
VisualStudioVersion = 17.14.35806.103
MinimumVisualStudioVersion = 10.0.40219.1
Project("{FAE04EC0-301F-11D3-BF4B-00C04F79EFBC}") = "SpravkoBot_AsSapfir", "SpravkoBot_AsSapfir.csproj", "{C43DC6EF-62A4-4E38-8EFE-B9609F3C128B}"
EndProject
Global
	GlobalSection(SolutionConfigurationPlatforms) = preSolution
		Debug|Any CPU = Debug|Any CPU
		Release|Any CPU = Release|Any CPU
	EndGlobalSection
	GlobalSection(ProjectConfigurationPlatforms) = postSolution
		{C43DC6EF-62A4-4E38-8EFE-B9609F3C128B}.Debug|Any CPU.ActiveCfg = Debug|Any CPU
		{C43DC6EF-62A4-4E38-8EFE-B9609F3C128B}.Debug|Any CPU.Build.0 = Debug|Any CPU
		{C43DC6EF-62A4-4E38-8EFE-B9609F3C128B}.Release|Any CPU.ActiveCfg = Release|Any CPU
		{C43DC6EF-62A4-4E38-8EFE-B9609F3C128B}.Release|Any CPU.Build.0 = Release|Any CPU
	EndGlobalSection
	GlobalSection(SolutionProperties) = preSolution
		HideSolutionNode = FALSE
	EndGlobalSection
	GlobalSection(ExtensibilityGlobals) = postSolution
		SolutionGuid = {3F1A0379-EA55-4DB5-AC56-8FAC5A9CF322}
	EndGlobalSection
EndGlobal
